{
  "name": "search",
  "version": "1.0.0",
  "lockfileVersion": 3,
  "requires": true,
  "packages": {
    "": {
      "name": "search",
      "version": "1.0.0",
      "license": "ISC",
      "dependencies": {
        "@kud/qobuz": "^0.5.5",
        "dotenv": "^17.4.2"
      }
    },
    "node_modules/@kud/qobuz": {
      "version": "0.5.5",
      "resolved": "https://registry.npmjs.org/@kud/qobuz/-/qobuz-0.5.5.tgz",
      "integrity": "sha512-em23q/08zmhlkBmyAZxOZ6D3eSPiIlWQhEbi6483lIO/f/gEGLukWiWfnKyNJK7YExMFybUqTy0dUZdN1FN8vQ==",
      "license": "MIT",
      "engines": {
        "node": ">=20"
      }
    },
    "node_modules/dotenv": {
      "version": "17.4.2",
      "resolved": "https://registry.npmjs.org/dotenv/-/dotenv-17.4.2.tgz",
      "integrity": "sha512-nI4U3TottKAcAD9LLud4Cb7b2QztQMUEfHbvhTH09bqXTxnSie8WnjPALV/WMCrJZ6UV/qHJ6L03OqO3LcdYZw==",
      "license": "BSD-2-Clause",
      "engines": {
        "node": ">=12"
      },
      "funding": {
        "url": "https://dotenvx.com"
      }
    }
  }
}
